
Microsoft Visual Studio Solution File, Format Version 12.00
# Visual Studio Version 17
VisualStudioVersion = 17.14.36109.1
MinimumVisualStudioVersion = 10.0.40219.1
Project("{FAE04EC0-301F-11D3-BF4B-00C04F79EFBC}") = "CRSchatbotAPI", "CRSchatbotAPI.csproj", "{68D48A92-2C28-4127-892E-802C73C830C0}"
EndProject
Project("{FAE04EC0-301F-11D3-BF4B-00C04F79EFBC}") = "CRSchatbotWEB", "..\CRCchatbotWEB\CRSchatbotWEB.csproj", "{E822D815-4D74-4378-97A6-9B8172AE53CD}"
EndProject
Project("{FAE04EC0-301F-11D3-BF4B-00C04F79EFBC}") = "CRSchatbot.Shared", "..\CRSchatbot.Shared\CRSchatbot.Shared.csproj", "{990CABB1-769C-4119-BD80-74D5299D3FF3}"
EndProject
Global
	GlobalSection(SolutionConfigurationPlatforms) = preSolution
		Debug|Any CPU = Debug|Any CPU
		Release|Any CPU = Release|Any CPU
	EndGlobalSection
	GlobalSection(ProjectConfigurationPlatforms) = postSolution
		{68D48A92-2C28-4127-892E-802C73C830C0}.Debug|Any CPU.ActiveCfg = Debug|Any CPU
		{68D48A92-2C28-4127-892E-802C73C830C0}.Debug|Any CPU.Build.0 = Debug|Any CPU
		{68D48A92-2C28-4127-892E-802C73C830C0}.Release|Any CPU.ActiveCfg = Release|Any CPU
		{68D48A92-2C28-4127-892E-802C73C830C0}.Release|Any CPU.Build.0 = Release|Any CPU
		{E822D815-4D74-4378-97A6-9B8172AE53CD}.Debug|Any CPU.ActiveCfg = Debug|Any CPU
		{E822D815-4D74-4378-97A6-9B8172AE53CD}.Debug|Any CPU.Build.0 = Debug|Any CPU
		{E822D815-4D74-4378-97A6-9B8172AE53CD}.Release|Any CPU.ActiveCfg = Release|Any CPU
		{E822D815-4D74-4378-97A6-9B8172AE53CD}.Release|Any CPU.Build.0 = Release|Any CPU
		{990CABB1-769C-4119-BD80-74D5299D3FF3}.Debug|Any CPU.ActiveCfg = Debug|Any CPU
		{990CABB1-769C-4119-BD80-74D5299D3FF3}.Debug|Any CPU.Build.0 = Debug|Any CPU
		{990CABB1-769C-4119-BD80-74D5299D3FF3}.Release|Any CPU.ActiveCfg = Release|Any CPU
		{990CABB1-769C-4119-BD80-74D5299D3FF3}.Release|Any CPU.Build.0 = Release|Any CPU
	EndGlobalSection
	GlobalSection(SolutionProperties) = preSolution
		HideSolutionNode = FALSE
	EndGlobalSection
	GlobalSection(ExtensibilityGlobals) = postSolution
		SolutionGuid = {A61A5DB7-D7A5-476A-B810-22F80B27E477}
	EndGlobalSection
EndGlobal
